{
    "version": 4,
    "terraform_version": "1.10.5",
    "serial": 6,
    "lineage": "9c59d03a-5e15-b11a-75cd-d47d95e3ecbf",
    "outputs": {},
    "resources": [
      {
        "mode": "managed",
        "type": "google_storage_bucket",
        "name": "auto-expire",
        "provider": "provider[\"registry.terraform.io/hashicorp/google\"]",
        "instances": [
          {
            "schema_version": 3,
            "attributes": {
              "autoclass": [],
              "cors": [],
              "custom_placement_config": [],
              "default_event_based_hold": false,
              "effective_labels": {
                "goog-terraform-provisioned": "true"
              },
              "enable_object_retention": false,
              "encryption": [],
              "force_destroy": true,
              "hierarchical_namespace": [
                {
                  "enabled": false
                }
              ],
              "id": "tt-cicdbuild-bucket-unique-20250124",
              "labels": null,
              "lifecycle_rule": [],
              "location": "SOUTHAMERICA-EAST1",
              "logging": [],
              "name": "tt-cicdbuild-bucket-unique-20250124",
              "project": "integracaohomologado",
              "project_number": 1173850917,
              "public_access_prevention": "enforced",
              "requester_pays": false,
              "retention_policy": [],
              "rpo": null,
              "self_link": "https://www.googleapis.com/storage/v1/b/tt-cicdbuild-bucket-unique-20250124",
              "soft_delete_policy": [
                {
                  "effective_time": "2025-01-28T17:47:47.001Z",
                  "retention_duration_seconds": 604800
                }
              ],
              "storage_class": "STANDARD",
              "terraform_labels": {
                "goog-terraform-provisioned": "true"
              },
              "timeouts": null,
              "uniform_bucket_level_access": true,
              "url": "gs://tt-cicdbuild-bucket-unique-20250124",
              "versioning": [],
              "website": []
            },
            "sensitive_attributes": [],
            "private": "eyJlMmJmYjczMC1lY2FhLTExZTYtOGY4OC0zNDM2M2JjN2M0YzAiOnsiY3JlYXRlIjo2MDAwMDAwMDAwMDAsInJlYWQiOjI0MDAwMDAwMDAwMCwidXBkYXRlIjoyNDAwMDAwMDAwMDB9LCJzY2hlbWFfdmVyc2lvbiI6IjMifQ=="
          }
        ]
      }
    ],
    "check_results": null
  }